// !$*UTF8*$!
{
	archiveVersion = 1;
	classes = {
	};
	objectVersion = 46;
	objects = {

/* Begin PBXBuildFile section */
		323BB4B019C5E9E200770A26 /* AppDelegate.swift in Sources */ = {isa = PBXBuildFile; fileRef = 323BB4AF19C5E9E200770A26 /* AppDelegate.swift */; };
		323BB4B219C5E9E200770A26 /* ViewController.swift in Sources */ = {isa = PBXBuildFile; fileRef = 323BB4B119C5E9E200770A26 /* ViewController.swift */; };
		323BB4B519C5E9E200770A26 /* Main.storyboard in Resources */ = {isa = PBXBuildFile; fileRef = 323BB4B319C5E9E200770A26 /* Main.storyboard */; };
		323BB4B719C5E9E200770A26 /* Images.xcassets in Resources */ = {isa = PBXBuildFile; fileRef = 323BB4B619C5E9E200770A26 /* Images.xcassets */; };
		323BB4C319C5E9E200770A26 /* Carousal_clickthroughTests.swift in Sources */ = {isa = PBXBuildFile; fileRef = 323BB4C219C5E9E200770A26 /* Carousal_clickthroughTests.swift */; };
		323BB4CD19C5EC6D00770A26 /* IntroViewController.swift in Sources */ = {isa = PBXBuildFile; fileRef = 323BB4CC19C5EC6D00770A26 /* IntroViewController.swift */; };
		323BB4CF19C5F43200770A26 /* SignInViewController.swift in Sources */ = {isa = PBXBuildFile; fileRef = 323BB4CE19C5F43200770A26 /* SignInViewController.swift */; };
		323BB4D119C5FE0B00770A26 /* WelcomeViewController.swift in Sources */ = {isa = PBXBuildFile; fileRef = 323BB4D019C5FE0B00770A26 /* WelcomeViewController.swift */; };
		323BB4D519C6757800770A26 /* ConversationsViewController.swift in Sources */ = {isa = PBXBuildFile; fileRef = 323BB4D419C6757800770A26 /* ConversationsViewController.swift */; };
		323BB4D719C675A800770A26 /* SettingsViewController.swift in Sources */ = {isa = PBXBuildFile; fileRef = 323BB4D619C675A800770A26 /* SettingsViewController.swift */; };
		323BB4D919C67A5300770A26 /* FeedViewController.swift in Sources */ = {isa = PBXBuildFile; fileRef = 323BB4D819C67A5300770A26 /* FeedViewController.swift */; };
/* End PBXBuildFile section */

/* Begin PBXContainerItemProxy section */
		323BB4BD19C5E9E200770A26 /* PBXContainerItemProxy */ = {
			isa = PBXContainerItemProxy;
			containerPortal = 323BB4A219C5E9E200770A26 /* Project object */;
			proxyType = 1;
			remoteGlobalIDString = 323BB4A919C5E9E200770A26;
			remoteInfo = Carousal_clickthrough;
		};
		323BB4F019C7B85300770A26 /* PBXContainerItemProxy */ = {
			isa = PBXContainerItemProxy;
			containerPortal = 323BB4A219C5E9E200770A26 /* Project object */;
			proxyType = 1;
			remoteGlobalIDString = 323BB4DD19C7B85300770A26;
			remoteInfo = Swipey;
		};
/* End PBXContainerItemProxy section */

/* Begin PBXFileReference section */
		323BB4AA19C5E9E200770A26 /* Carousal_clickthrough.app */ = {isa = PBXFileReference; explicitFileType = wrapper.application; includeInIndex = 0; path = Carousal_clickthrough.app; sourceTree = BUILT_PRODUCTS_DIR; };
		323BB4AE19C5E9E200770A26 /* Info.plist */ = {isa = PBXFileReference; lastKnownFileType = text.plist.xml; path = Info.plist; sourceTree = "<group>"; };
		323BB4AF19C5E9E200770A26 /* AppDelegate.swift */ = {isa = PBXFileReference; lastKnownFileType = sourcecode.swift; path = AppDelegate.swift; sourceTree = "<group>"; };
		323BB4B119C5E9E200770A26 /* ViewController.swift */ = {isa = PBXFileReference; lastKnownFileType = sourcecode.swift; path = ViewController.swift; sourceTree = "<group>"; };
		323BB4B419C5E9E200770A26 /* Base */ = {isa = PBXFileReference; lastKnownFileType = file.storyboard; name = Base; path = Base.lproj/Main.storyboard; sourceTree = "<group>"; };
		323BB4B619C5E9E200770A26 /* Images.xcassets */ = {isa = PBXFileReference; lastKnownFileType = folder.assetcatalog; path = Images.xcassets; sourceTree = "<group>"; };
		323BB4BC19C5E9E200770A26 /* Carousal_clickthroughTests.xctest */ = {isa = PBXFileReference; explicitFileType = wrapper.cfbundle; includeInIndex = 0; path = Carousal_clickthroughTests.xctest; sourceTree = BUILT_PRODUCTS_DIR; };
		323BB4C119C5E9E200770A26 /* Info.plist */ = {isa = PBXFileReference; lastKnownFileType = text.plist.xml; path = Info.plist; sourceTree = "<group>"; };
		323BB4C219C5E9E200770A26 /* Carousal_clickthroughTests.swift */ = {isa = PBXFileReference; lastKnownFileType = sourcecode.swift; path = Carousal_clickthroughTests.swift; sourceTree = "<group>"; };
		323BB4CC19C5EC6D00770A26 /* IntroViewController.swift */ = {isa = PBXFileReference; fileEncoding = 4; lastKnownFileType = sourcecode.swift; path = IntroViewController.swift; sourceTree = "<group>"; };
		323BB4CE19C5F43200770A26 /* SignInViewController.swift */ = {isa = PBXFileReference; fileEncoding = 4; lastKnownFileType = sourcecode.swift; path = SignInViewController.swift; sourceTree = "<group>"; };
		323BB4D019C5FE0B00770A26 /* WelcomeViewController.swift */ = {isa = PBXFileReference; fileEncoding = 4; lastKnownFileType = sourcecode.swift; path = WelcomeViewController.swift; sourceTree = "<group>"; };
		323BB4D419C6757800770A26 /* ConversationsViewController.swift */ = {isa = PBXFileReference; fileEncoding = 4; lastKnownFileType = sourcecode.swift; path = ConversationsViewController.swift; sourceTree = "<group>"; };
		323BB4D619C675A800770A26 /* SettingsViewController.swift */ = {isa = PBXFileReference; fileEncoding = 4; lastKnownFileType = sourcecode.swift; path = SettingsViewController.swift; sourceTree = "<group>"; };
		323BB4D819C67A5300770A26 /* FeedViewController.swift */ = {isa = PBXFileReference; fileEncoding = 4; lastKnownFileType = sourcecode.swift; path = FeedViewController.swift; sourceTree = "<group>"; };
		323BB4DE19C7B85300770A26 /* Swipey.app */ = {isa = PBXFileReference; explicitFileType = wrapper.application; includeInIndex = 0; path = Swipey.app; sourceTree = BUILT_PRODUCTS_DIR; };
		323BB4EF19C7B85300770A26 /* SwipeyTests.xctest */ = {isa = PBXFileReference; explicitFileType = wrapper.cfbundle; includeInIndex = 0; path = SwipeyTests.xctest; sourceTree = BUILT_PRODUCTS_DIR; };
/* End PBXFileReference section */

/* Begin PBXFrameworksBuildPhase section */
		323BB4A719C5E9E200770A26 /* Frameworks */ = {
			isa = PBXFrameworksBuildPhase;
			buildActionMask = 2147483647;
			files = (
			);
			runOnlyForDeploymentPostprocessing = 0;
		};
		323BB4B919C5E9E200770A26 /* Frameworks */ = {
			isa = PBXFrameworksBuildPhase;
			buildActionMask = 2147483647;
			files = (
			);
			runOnlyForDeploymentPostprocessing = 0;
		};
		323BB4DB19C7B85300770A26 /* Frameworks */ = {
			isa = PBXFrameworksBuildPhase;
			buildActionMask = 2147483647;
			files = (
			);
			runOnlyForDeploymentPostprocessing = 0;
		};
		323BB4EC19C7B85300770A26 /* Frameworks */ = {
			isa = PBXFrameworksBuildPhase;
			buildActionMask = 2147483647;
			files = (
			);
			runOnlyForDeploymentPostprocessing = 0;
		};
/* End PBXFrameworksBuildPhase section */

/* Begin PBXGroup section */
		323BB4A119C5E9E200770A26 = {
			isa = PBXGroup;
			children = (
				323BB4AC19C5E9E200770A26 /* Carousal_clickthrough */,
				323BB4BF19C5E9E200770A26 /* Carousal_clickthroughTests */,
				323BB4AB19C5E9E200770A26 /* Products */,
			);
			sourceTree = "<group>";
		};
		323BB4AB19C5E9E200770A26 /* Products */ = {
			isa = PBXGroup;
			children = (
				323BB4AA19C5E9E200770A26 /* Carousal_clickthrough.app */,
				323BB4BC19C5E9E200770A26 /* Carousal_clickthroughTests.xctest */,
				323BB4DE19C7B85300770A26 /* Swipey.app */,
				323BB4EF19C7B85300770A26 /* SwipeyTests.xctest */,
			);
			name = Products;
			sourceTree = "<group>";
		};
		323BB4AC19C5E9E200770A26 /* Carousal_clickthrough */ = {
			isa = PBXGroup;
			children = (
				323BB4AF19C5E9E200770A26 /* AppDelegate.swift */,
				323BB4B119C5E9E200770A26 /* ViewController.swift */,
				323BB4B319C5E9E200770A26 /* Main.storyboard */,
				323BB4D819C67A5300770A26 /* FeedViewController.swift */,
				323BB4D619C675A800770A26 /* SettingsViewController.swift */,
				323BB4D419C6757800770A26 /* ConversationsViewController.swift */,
				323BB4D019C5FE0B00770A26 /* WelcomeViewController.swift */,
				323BB4B619C5E9E200770A26 /* Images.xcassets */,
				323BB4AD19C5E9E200770A26 /* Supporting Files */,
				323BB4CC19C5EC6D00770A26 /* IntroViewController.swift */,
				323BB4CE19C5F43200770A26 /* SignInViewController.swift */,
			);
			path = Carousal_clickthrough;
			sourceTree = "<group>";
		};
		323BB4AD19C5E9E200770A26 /* Supporting Files */ = {
			isa = PBXGroup;
			children = (
				323BB4AE19C5E9E200770A26 /* Info.plist */,
			);
			name = "Supporting Files";
			sourceTree = "<group>";
		};
		323BB4BF19C5E9E200770A26 /* Carousal_clickthroughTests */ = {
			isa = PBXGroup;
			children = (
				323BB4C219C5E9E200770A26 /* Carousal_clickthroughTests.swift */,
				323BB4C019C5E9E200770A26 /* Supporting Files */,
			);
			path = Carousal_clickthroughTests;
			sourceTree = "<group>";
		};
		323BB4C019C5E9E200770A26 /* Supporting Files */ = {
			isa = PBXGroup;
			children = (
				323BB4C119C5E9E200770A26 /* Info.plist */,
			);
			name = "Supporting Files";
			sourceTree = "<group>";
		};
/* End PBXGroup section */

/* Begin PBXNativeTarget section */
		323BB4A919C5E9E200770A26 /* Carousal_clickthrough */ = {
			isa = PBXNativeTarget;
			buildConfigurationList = 323BB4C619C5E9E200770A26 /* Build configuration list for PBXNativeTarget "Carousal_clickthrough" */;
			buildPhases = (
				323BB4A619C5E9E200770A26 /* Sources */,
				323BB4A719C5E9E200770A26 /* Frameworks */,
				323BB4A819C5E9E200770A26 /* Resources */,
			);
			buildRules = (
			);
			dependencies = (
			);
			name = Carousal_clickthrough;
			productName = Carousal_clickthrough;
			productReference = 323BB4AA19C5E9E200770A26 /* Carousal_clickthrough.app */;
			productType = "com.apple.product-type.application";
		};
		323BB4BB19C5E9E200770A26 /* Carousal_clickthroughTests */ = {
			isa = PBXNativeTarget;
			buildConfigurationList = 323BB4C919C5E9E200770A26 /* Build configuration list for PBXNativeTarget "Carousal_clickthroughTests" */;
			buildPhases = (
				323BB4B819C5E9E200770A26 /* Sources */,
				323BB4B919C5E9E200770A26 /* Frameworks */,
				323BB4BA19C5E9E200770A26 /* Resources */,
			);
			buildRules = (
			);
			dependencies = (
				323BB4BE19C5E9E200770A26 /* PBXTargetDependency */,
			);
			name = Carousal_clickthroughTests;
			productName = Carousal_clickthroughTests;
			productReference = 323BB4BC19C5E9E200770A26 /* Carousal_clickthroughTests.xctest */;
			productType = "com.apple.product-type.bundle.unit-test";
		};
		323BB4DD19C7B85300770A26 /* Swipey */ = {
			isa = PBXNativeTarget;
			buildConfigurationList = 323BB4FB19C7B85300770A26 /* Build configuration list for PBXNativeTarget "Swipey" */;
			buildPhases = (
				323BB4DA19C7B85300770A26 /* Sources */,
				323BB4DB19C7B85300770A26 /* Frameworks */,
				323BB4DC19C7B85300770A26 /* Resources */,
			);
			buildRules = (
			);
			dependencies = (
			);
			name = Swipey;
			productName = Swipey;
			productReference = 323BB4DE19C7B85300770A26 /* Swipey.app */;
			productType = "com.apple.product-type.application";
		};
		323BB4EE19C7B85300770A26 /* SwipeyTests */ = {
			isa = PBXNativeTarget;
			buildConfigurationList = 323BB4FC19C7B85300770A26 /* Build configuration list for PBXNativeTarget "SwipeyTests" */;
			buildPhases = (
				323BB4EB19C7B85300770A26 /* Sources */,
				323BB4EC19C7B85300770A26 /* Frameworks */,
				323BB4ED19C7B85300770A26 /* Resources */,
			);
			buildRules = (
			);
			dependencies = (
				323BB4F119C7B85300770A26 /* PBXTargetDependency */,
			);
			name = SwipeyTests;
			productName = SwipeyTests;
			productReference = 323BB4EF19C7B85300770A26 /* SwipeyTests.xctest */;
			productType = "com.apple.product-type.bundle.unit-test";
		};
/* End PBXNativeTarget section */

/* Begin PBXProject section */
		323BB4A219C5E9E200770A26 /* Project object */ = {
			isa = PBXProject;
			attributes = {
				LastUpgradeCheck = 0600;
				ORGANIZATIONNAME = "Vasudhara Kantroo";
				TargetAttributes = {
					323BB4A919C5E9E200770A26 = {
						CreatedOnToolsVersion = 6.0;
					};
					323BB4BB19C5E9E200770A26 = {
						CreatedOnToolsVersion = 6.0;
						TestTargetID = 323BB4A919C5E9E200770A26;
					};
					323BB4DD19C7B85300770A26 = {
						CreatedOnToolsVersion = 6.0;
					};
					323BB4EE19C7B85300770A26 = {
						CreatedOnToolsVersion = 6.0;
						TestTargetID = 323BB4DD19C7B85300770A26;
					};
				};
			};
			buildConfigurationList = 323BB4A519C5E9E200770A26 /* Build configuration list for PBXProject "Carousal_clickthrough" */;
			compatibilityVersion = "Xcode 3.2";
			developmentRegion = English;
			hasScannedForEncodings = 0;
			knownRegions = (
				en,
				Base,
			);
			mainGroup = 323BB4A119C5E9E200770A26;
			productRefGroup = 323BB4AB19C5E9E200770A26 /* Products */;
			projectDirPath = "";
			projectRoot = "";
			targets = (
				323BB4A919C5E9E200770A26 /* Carousal_clickthrough */,
				323BB4BB19C5E9E200770A26 /* Carousal_clickthroughTests */,
				323BB4DD19C7B85300770A26 /* Swipey */,
				323BB4EE19C7B85300770A26 /* SwipeyTests */,
			);
		};
/* End PBXProject section */

/* Begin PBXResourcesBuildPhase section */
		323BB4A819C5E9E200770A26 /* Resources */ = {
			isa = PBXResourcesBuildPhase;
			buildActionMask = 2147483647;
			files = (
				323BB4B519C5E9E200770A26 /* Main.storyboard in Resources */,
				323BB4B719C5E9E200770A26 /* Images.xcassets in Resources */,
			);
			runOnlyForDeploymentPostprocessing = 0;
		};
		323BB4BA19C5E9E200770A26 /* Resources */ = {
			isa = PBXResourcesBuildPhase;
			buildActionMask = 2147483647;
			files = (
			);
			runOnlyForDeploymentPostprocessing = 0;
		};
		323BB4DC19C7B85300770A26 /* Resources */ = {
			isa = PBXResourcesBuildPhase;
			buildActionMask = 2147483647;
			files = (
			);
			runOnlyForDeploymentPostprocessing = 0;
		};
		323BB4ED19C7B85300770A26 /* Resources */ = {
			isa = PBXResourcesBuildPhase;
			buildActionMask = 2147483647;
			files = (
			);
			runOnlyForDeploymentPostprocessing = 0;
		};
/* End PBXResourcesBuildPhase section */

/* Begin PBXSourcesBuildPhase section */
		323BB4A619C5E9E200770A26 /* Sources */ = {
			isa = PBXSourcesBuildPhase;
			buildActionMask = 2147483647;
			files = (
				323BB4CF19C5F43200770A26 /* SignInViewController.swift in Sources */,
				323BB4D919C67A5300770A26 /* FeedViewController.swift in Sources */,
				323BB4D119C5FE0B00770A26 /* WelcomeViewController.swift in Sources */,
				323BB4D519C6757800770A26 /* ConversationsViewController.swift in Sources */,
				323BB4CD19C5EC6D00770A26 /* IntroViewController.swift in Sources */,
				323BB4B219C5E9E200770A26 /* ViewController.swift in Sources */,
				323BB4B019C5E9E200770A26 /* AppDelegate.swift in Sources */,
				323BB4D719C675A800770A26 /* SettingsViewController.swift in Sources */,
			);
			runOnlyForDeploymentPostprocessing = 0;
		};
		323BB4B819C5E9E200770A26 /* Sources */ = {
			isa = PBXSourcesBuildPhase;
			buildActionMask = 2147483647;
			files = (
				323BB4C319C5E9E200770A26 /* Carousal_clickthroughTests.swift in Sources */,
			);
			runOnlyForDeploymentPostprocessing = 0;
		};
		323BB4DA19C7B85300770A26 /* Sources */ = {
			isa = PBXSourcesBuildPhase;
			buildActionMask = 2147483647;
			files = (
			);
			runOnlyForDeploymentPostprocessing = 0;
		};
		323BB4EB19C7B85300770A26 /* Sources */ = {
			isa = PBXSourcesBuildPhase;
			buildActionMask = 2147483647;
			files = (
			);
			runOnlyForDeploymentPostprocessing = 0;
		};
/* End PBXSourcesBuildPhase section */

/* Begin PBXTargetDependency section */
		323BB4BE19C5E9E200770A26 /* PBXTargetDependency */ = {
			isa = PBXTargetDependency;
			target = 323BB4A919C5E9E200770A26 /* Carousal_clickthrough */;
			targetProxy = 323BB4BD19C5E9E200770A26 /* PBXContainerItemProxy */;
		};
		323BB4F119C7B85300770A26 /* PBXTargetDependency */ = {
			isa = PBXTargetDependency;
			target = 323BB4DD19C7B85300770A26 /* Swipey */;
			targetProxy = 323BB4F019C7B85300770A26 /* PBXContainerItemProxy */;
		};
/* End PBXTargetDependency section */

/* Begin PBXVariantGroup section */
		323BB4B319C5E9E200770A26 /* Main.storyboard */ = {
			isa = PBXVariantGroup;
			children = (
				323BB4B419C5E9E200770A26 /* Base */,
			);
			name = Main.storyboard;
			sourceTree = "<group>";
		};
/* End PBXVariantGroup section */

/* Begin XCBuildConfiguration section */
		323BB4C419C5E9E200770A26 /* Debug */ = {
			isa = XCBuildConfiguration;
			buildSettings = {
				ALWAYS_SEARCH_USER_PATHS = NO;
				CLANG_CXX_LANGUAGE_STANDARD = "gnu++0x";
				CLANG_CXX_LIBRARY = "libc++";
				CLANG_ENABLE_MODULES = YES;
				CLANG_ENABLE_OBJC_ARC = YES;
				CLANG_WARN_BOOL_CONVERSION = YES;
				CLANG_WARN_CONSTANT_CONVERSION = YES;
				CLANG_WARN_DIRECT_OBJC_ISA_USAGE = YES_ERROR;
				CLANG_WARN_EMPTY_BODY = YES;
				CLANG_WARN_ENUM_CONVERSION = YES;
				CLANG_WARN_INT_CONVERSION = YES;
				CLANG_WARN_OBJC_ROOT_CLASS = YES_ERROR;
				CLANG_WARN_UNREACHABLE_CODE = YES;
				CLANG_WARN__DUPLICATE_METHOD_MATCH = YES;
				"CODE_SIGN_IDENTITY[sdk=iphoneos*]" = "iPhone Developer";
				COPY_PHASE_STRIP = NO;
				ENABLE_STRICT_OBJC_MSGSEND = YES;
				GCC_C_LANGUAGE_STANDARD = gnu99;
				GCC_DYNAMIC_NO_PIC = NO;
				GCC_OPTIMIZATION_LEVEL = 0;
				GCC_PREPROCESSOR_DEFINITIONS = (
					"DEBUG=1",
					"$(inherited)",
				);
				GCC_SYMBOLS_PRIVATE_EXTERN = NO;
				GCC_WARN_64_TO_32_BIT_CONVERSION = YES;
				GCC_WARN_ABOUT_RETURN_TYPE = YES_ERROR;
				GCC_WARN_UNDECLARED_SELECTOR = YES;
				GCC_WARN_UNINITIALIZED_AUTOS = YES_AGGRESSIVE;
				GCC_WARN_UNUSED_FUNCTION = YES;
				GCC_WARN_UNUSED_VARIABLE = YES;
				IPHONEOS_DEPLOYMENT_TARGET = 8.0;
				MTL_ENABLE_DEBUG_INFO = YES;
				ONLY_ACTIVE_ARCH = YES;
				SDKROOT = iphoneos;
				SWIFT_OPTIMIZATION_LEVEL = "-Onone";
				TARGETED_DEVICE_FAMILY = "1,2";
			};
			name = Debug;
		};
		323BB4C519C5E9E200770A26 /* Release */ = {
			isa = XCBuildConfiguration;
			buildSettings = {
				ALWAYS_SEARCH_USER_PATHS = NO;
				CLANG_CXX_LANGUAGE_STANDARD = "gnu++0x";
				CLANG_CXX_LIBRARY = "libc++";
				CLANG_ENABLE_MODULES = YES;
				CLANG_ENABLE_OBJC_ARC = YES;
				CLANG_WARN_BOOL_CONVERSION = YES;
				CLANG_WARN_CONSTANT_CONVERSION = YES;
				CLANG_WARN_DIRECT_OBJC_ISA_USAGE = YES_ERROR;
				CLANG_WARN_EMPTY_BODY = YES;
				CLANG_WARN_ENUM_CONVERSION = YES;
				CLANG_WARN_INT_CONVERSION = YES;
				CLANG_WARN_OBJC_ROOT_CLASS = YES_ERROR;
				CLANG_WARN_UNREACHABLE_CODE = YES;
				CLANG_WARN__DUPLICATE_METHOD_MATCH = YES;
				"CODE_SIGN_IDENTITY[sdk=iphoneos*]" = "iPhone Developer";
				COPY_PHASE_STRIP = YES;
				ENABLE_NS_ASSERTIONS = NO;
				ENABLE_STRICT_OBJC_MSGSEND = YES;
				GCC_C_LANGUAGE_STANDARD = gnu99;
				GCC_WARN_64_TO_32_BIT_CONVERSION = YES;
				GCC_WARN_ABOUT_RETURN_TYPE = YES_ERROR;
				GCC_WARN_UNDECLARED_SELECTOR = YES;
				GCC_WARN_UNINITIALIZED_AUTOS = YES_AGGRESSIVE;
				GCC_WARN_UNUSED_FUNCTION = YES;
				GCC_WARN_UNUSED_VARIABLE = YES;
				IPHONEOS_DEPLOYMENT_TARGET = 8.0;
				MTL_ENABLE_DEBUG_INFO = NO;
				SDKROOT = iphoneos;
				TARGETED_DEVICE_FAMILY = "1,2";
				VALIDATE_PRODUCT = YES;
			};
			name = Release;
		};
		323BB4C719C5E9E200770A26 /* Debug */ = {
			isa = XCBuildConfiguration;
			buildSettings = {
				ASSETCATALOG_COMPILER_APPICON_NAME = AppIcon;
				ASSETCATALOG_COMPILER_LAUNCHIMAGE_NAME = LaunchImage;
				INFOPLIST_FILE = Carousal_clickthrough/Info.plist;
				LD_RUNPATH_SEARCH_PATHS = "$(inherited) @executable_path/Frameworks";
				PRODUCT_NAME = "$(TARGET_NAME)";
			};
			name = Debug;
		};
		323BB4C819C5E9E200770A26 /* Release */ = {
			isa = XCBuildConfiguration;
			buildSettings = {
				ASSETCATALOG_COMPILER_APPICON_NAME = AppIcon;
				ASSETCATALOG_COMPILER_LAUNCHIMAGE_NAME = LaunchImage;
				INFOPLIST_FILE = Carousal_clickthrough/Info.plist;
				LD_RUNPATH_SEARCH_PATHS = "$(inherited) @executable_path/Frameworks";
				PRODUCT_NAME = "$(TARGET_NAME)";
			};
			name = Release;
		};
		323BB4CA19C5E9E200770A26 /* Debug */ = {
			isa = XCBuildConfiguration;
			buildSettings = {
				BUNDLE_LOADER = "$(TEST_HOST)";
				FRAMEWORK_SEARCH_PATHS = (
					"$(SDKROOT)/Developer/Library/Frameworks",
					"$(inherited)",
				);
				GCC_PREPROCESSOR_DEFINITIONS = (
					"DEBUG=1",
					"$(inherited)",
				);
				INFOPLIST_FILE = Carousal_clickthroughTests/Info.plist;
				LD_RUNPATH_SEARCH_PATHS = "$(inherited) @executable_path/Frameworks @loader_path/Frameworks";
				PRODUCT_NAME = "$(TARGET_NAME)";
				TEST_HOST = "$(BUILT_PRODUCTS_DIR)/Carousal_clickthrough.app/Carousal_clickthrough";
			};
			name = Debug;
		};
		323BB4CB19C5E9E200770A26 /* Release */ = {
			isa = XCBuildConfiguration;
			buildSettings = {
				BUNDLE_LOADER = "$(TEST_HOST)";
				FRAMEWORK_SEARCH_PATHS = (
					"$(SDKROOT)/Developer/Library/Frameworks",
					"$(inherited)",
				);
				INFOPLIST_FILE = Carousal_clickthroughTests/Info.plist;
				LD_RUNPATH_SEARCH_PATHS = "$(inherited) @executable_path/Frameworks @loader_path/Frameworks";
				PRODUCT_NAME = "$(TARGET_NAME)";
				TEST_HOST = "$(BUILT_PRODUCTS_DIR)/Carousal_clickthrough.app/Carousal_clickthrough";
			};
			name = Release;
		};
		323BB4F719C7B85300770A26 /* Debug */ = {
			isa = XCBuildConfiguration;
			buildSettings = {
				ASSETCATALOG_COMPILER_APPICON_NAME = AppIcon;
				ASSETCATALOG_COMPILER_LAUNCHIMAGE_NAME = LaunchImage;
				GCC_PREPROCESSOR_DEFINITIONS = (
					"DEBUG=1",
					"$(inherited)",
				);
				INFOPLIST_FILE = Swipey/Info.plist;
				LD_RUNPATH_SEARCH_PATHS = "$(inherited) @executable_path/Frameworks";
				PRODUCT_NAME = "$(TARGET_NAME)";
			};
			name = Debug;
		};
		323BB4F819C7B85300770A26 /* Release */ = {
			isa = XCBuildConfiguration;
			buildSettings = {
				ASSETCATALOG_COMPILER_APPICON_NAME = AppIcon;
				ASSETCATALOG_COMPILER_LAUNCHIMAGE_NAME = LaunchImage;
				INFOPLIST_FILE = Swipey/Info.plist;
				LD_RUNPATH_SEARCH_PATHS = "$(inherited) @executable_path/Frameworks";
				PRODUCT_NAME = "$(TARGET_NAME)";
			};
			name = Release;
		};
		323BB4F919C7B85300770A26 /* Debug */ = {
			isa = XCBuildConfiguration;
			buildSettings = {
				BUNDLE_LOADER = "$(TEST_HOST)";
				FRAMEWORK_SEARCH_PATHS = (
					"$(SDKROOT)/Developer/Library/Frameworks",
					"$(inherited)",
				);
				GCC_PREPROCESSOR_DEFINITIONS = (
					"DEBUG=1",
					"$(inherited)",
				);
				INFOPLIST_FILE = SwipeyTests/Info.plist;
				LD_RUNPATH_SEARCH_PATHS = "$(inherited) @executable_path/Frameworks @loader_path/Frameworks";
				PRODUCT_NAME = "$(TARGET_NAME)";
				TEST_HOST = "$(BUILT_PRODUCTS_DIR)/Swipey.app/Swipey";
			};
			name = Debug;
		};
		323BB4FA19C7B85300770A26 /* Release */ = {
			isa = XCBuildConfiguration;
			buildSettings = {
				BUNDLE_LOADER = "$(TEST_HOST)";
				FRAMEWORK_SEARCH_PATHS = (
					"$(SDKROOT)/Developer/Library/Frameworks",
					"$(inherited)",
				);
				INFOPLIST_FILE = SwipeyTests/Info.plist;
				LD_RUNPATH_SEARCH_PATHS = "$(inherited) @executable_path/Frameworks @loader_path/Frameworks";
				PRODUCT_NAME = "$(TARGET_NAME)";
				TEST_HOST = "$(BUILT_PRODUCTS_DIR)/Swipey.app/Swipey";
			};
			name = Release;
		};
/* End XCBuildConfiguration section */

/* Begin XCConfigurationList section */
		323BB4A519C5E9E200770A26 /* Build configuration list for PBXProject "Carousal_clickthrough" */ = {
			isa = XCConfigurationList;
			buildConfigurations = (
				323BB4C419C5E9E200770A26 /* Debug */,
				323BB4C519C5E9E200770A26 /* Release */,
			);
			defaultConfigurationIsVisible = 0;
			defaultConfigurationName = Release;
		};
		323BB4C619C5E9E200770A26 /* Build configuration list for PBXNativeTarget "Carousal_clickthrough" */ = {
			isa = XCConfigurationList;
			buildConfigurations = (
				323BB4C719C5E9E200770A26 /* Debug */,
				323BB4C819C5E9E200770A26 /* Release */,
			);
			defaultConfigurationIsVisible = 0;
			defaultConfigurationName = Release;
		};
		323BB4C919C5E9E200770A26 /* Build configuration list for PBXNativeTarget "Carousal_clickthroughTests" */ = {
			isa = XCConfigurationList;
			buildConfigurations = (
				323BB4CA19C5E9E200770A26 /* Debug */,
				323BB4CB19C5E9E200770A26 /* Release */,
			);
			defaultConfigurationIsVisible = 0;
			defaultConfigurationName = Release;
		};
		323BB4FB19C7B85300770A26 /* Build configuration list for PBXNativeTarget "Swipey" */ = {
			isa = XCConfigurationList;
			buildConfigurations = (
				323BB4F719C7B85300770A26 /* Debug */,
				323BB4F819C7B85300770A26 /* Release */,
			);
			defaultConfigurationIsVisible = 0;
		};
		323BB4FC19C7B85300770A26 /* Build configuration list for PBXNativeTarget "SwipeyTests" */ = {
			isa = XCConfigurationList;
			buildConfigurations = (
				323BB4F919C7B85300770A26 /* Debug */,
				323BB4FA19C7B85300770A26 /* Release */,
			);
			defaultConfigurationIsVisible = 0;
		};
/* End XCConfigurationList section */
	};
	rootObject = 323BB4A219C5E9E200770A26 /* Project object */;
}
